
Microsoft Visual Studio Solution File, Format Version 12.00
# Visual Studio Version 17
VisualStudioVersion = 17.14.36109.1
MinimumVisualStudioVersion = 10.0.40219.1
Project("{FAE04EC0-301F-11D3-BF4B-00C04F79EFBC}") = "CodeShuttle", "CodeShuttle.csproj", "{11358B60-344C-4CDB-98C3-13F2A47701D9}"
EndProject
Project("{2150E333-8FDC-42A3-9474-1A3956D46DE8}") = "tests", "tests", "{0AB3BF05-4346-4AA6-1389-037BE0695223}"
EndProject
Project("{FAE04EC0-301F-11D3-BF4B-00C04F79EFBC}") = "CodeShuttle.Tests", "tests\CodeShuttle.Tests\CodeShuttle.Tests.csproj", "{E7DD1A85-046B-4FF5-AB0D-703C8F831D80}"
EndProject
Global
	GlobalSection(SolutionConfigurationPlatforms) = preSolution
		Debug|Any CPU = Debug|Any CPU
		Debug|x64 = Debug|x64
		Debug|x86 = Debug|x86
		Release|Any CPU = Release|Any CPU
		Release|x64 = Release|x64
		Release|x86 = Release|x86
	EndGlobalSection
	GlobalSection(ProjectConfigurationPlatforms) = postSolution
		{11358B60-344C-4CDB-98C3-13F2A47701D9}.Debug|Any CPU.ActiveCfg = Debug|Any CPU
		{11358B60-344C-4CDB-98C3-13F2A47701D9}.Debug|Any CPU.Build.0 = Debug|Any CPU
		{11358B60-344C-4CDB-98C3-13F2A47701D9}.Debug|x64.ActiveCfg = Debug|Any CPU
		{11358B60-344C-4CDB-98C3-13F2A47701D9}.Debug|x64.Build.0 = Debug|Any CPU
		{11358B60-344C-4CDB-98C3-13F2A47701D9}.Debug|x86.ActiveCfg = Debug|Any CPU
		{11358B60-344C-4CDB-98C3-13F2A47701D9}.Debug|x86.Build.0 = Debug|Any CPU
		{11358B60-344C-4CDB-98C3-13F2A47701D9}.Release|Any CPU.ActiveCfg = Release|Any CPU
		{11358B60-344C-4CDB-98C3-13F2A47701D9}.Release|Any CPU.Build.0 = Release|Any CPU
		{11358B60-344C-4CDB-98C3-13F2A47701D9}.Release|x64.ActiveCfg = Release|Any CPU
		{11358B60-344C-4CDB-98C3-13F2A47701D9}.Release|x64.Build.0 = Release|Any CPU
		{11358B60-344C-4CDB-98C3-13F2A47701D9}.Release|x86.ActiveCfg = Release|Any CPU
		{11358B60-344C-4CDB-98C3-13F2A47701D9}.Release|x86.Build.0 = Release|Any CPU
		{E7DD1A85-046B-4FF5-AB0D-703C8F831D80}.Debug|Any CPU.ActiveCfg = Debug|Any CPU
		{E7DD1A85-046B-4FF5-AB0D-703C8F831D80}.Debug|Any CPU.Build.0 = Debug|Any CPU
		{E7DD1A85-046B-4FF5-AB0D-703C8F831D80}.Debug|x64.ActiveCfg = Debug|Any CPU
		{E7DD1A85-046B-4FF5-AB0D-703C8F831D80}.Debug|x64.Build.0 = Debug|Any CPU
		{E7DD1A85-046B-4FF5-AB0D-703C8F831D80}.Debug|x86.ActiveCfg = Debug|Any CPU
		{E7DD1A85-046B-4FF5-AB0D-703C8F831D80}.Debug|x86.Build.0 = Debug|Any CPU
		{E7DD1A85-046B-4FF5-AB0D-703C8F831D80}.Release|Any CPU.ActiveCfg = Release|Any CPU
		{E7DD1A85-046B-4FF5-AB0D-703C8F831D80}.Release|Any CPU.Build.0 = Release|Any CPU
		{E7DD1A85-046B-4FF5-AB0D-703C8F831D80}.Release|x64.ActiveCfg = Release|Any CPU
		{E7DD1A85-046B-4FF5-AB0D-703C8F831D80}.Release|x64.Build.0 = Release|Any CPU
		{E7DD1A85-046B-4FF5-AB0D-703C8F831D80}.Release|x86.ActiveCfg = Release|Any CPU
		{E7DD1A85-046B-4FF5-AB0D-703C8F831D80}.Release|x86.Build.0 = Release|Any CPU
	EndGlobalSection
	GlobalSection(SolutionProperties) = preSolution
		HideSolutionNode = FALSE
	EndGlobalSection
	GlobalSection(NestedProjects) = preSolution
		{E7DD1A85-046B-4FF5-AB0D-703C8F831D80} = {0AB3BF05-4346-4AA6-1389-037BE0695223}
	EndGlobalSection
	GlobalSection(ExtensibilityGlobals) = postSolution
		SolutionGuid = {23714C4A-ED96-4809-BAB8-98CB2A32AA33}
	EndGlobalSection
EndGlobal
